
Microsoft Visual Studio Solution File, Format Version 12.00
# Visual Studio Version 17
VisualStudioVersion = 17.7.34221.43
MinimumVisualStudioVersion = 10.0.40219.1
Project("{2150E333-8FDC-42A3-9474-1A3956D46DE8}") = "Solution Items", "Solution Items", "{1F4898A2-895B-472B-B149-BE6E091E6456}"
	ProjectSection(SolutionItems) = preProject
		README.md = README.md
	EndProjectSection
EndProject
Project("{9A19103F-16F7-4668-BE54-9A1E7A4F7556}") = "OrangePi.Display.Status.Service", "OrangePi.Display.Status.Service\OrangePi.Display.Status.Service.csproj", "{DC697E92-4738-481F-BC58-B401E6103262}"
EndProject
Project("{9A19103F-16F7-4668-BE54-9A1E7A4F7556}") = "OrangePi.Common", "OrangePi.Common\OrangePi.Common.csproj", "{535D54CB-4935-4BDA-BBD3-888BB9E91682}"
EndProject
Project("{2150E333-8FDC-42A3-9474-1A3956D46DE8}") = "Iot", "Iot", "{32D5A65B-89BC-4C0E-94CA-29EBA8B7F292}"
EndProject
Project("{9A19103F-16F7-4668-BE54-9A1E7A4F7556}") = "Common", "Common\Common.csproj", "{95989538-0505-492D-B52D-6DEA88FC4F09}"
EndProject
Project("{9A19103F-16F7-4668-BE54-9A1E7A4F7556}") = "SkiaSharpAdapter", "SkiaSharpAdapter\SkiaSharpAdapter.csproj", "{B3C81972-210F-4651-8549-EB5305B3F499}"
EndProject
Project("{2150E333-8FDC-42A3-9474-1A3956D46DE8}") = "Workers", "Workers", "{1A86BEC0-CE90-4BF5-B348-3AFCD03675CC}"
EndProject
Project("{9A19103F-16F7-4668-BE54-9A1E7A4F7556}") = "OrangePi.Fan.Service", "OrangePi.Fan.Service\OrangePi.Fan.Service.csproj", "{B201911C-57D2-42B4-947D-C9569BBE8245}"
EndProject
Project("{2150E333-8FDC-42A3-9474-1A3956D46DE8}") = "Samples", "Samples", "{90BE89A9-AB13-435F-97D9-315DD08C0B33}"
EndProject
Project("{9A19103F-16F7-4668-BE54-9A1E7A4F7556}") = "SpiSampleApp", "SpiSampleApp\SpiSampleApp.csproj", "{95F36F18-BFE7-4287-975D-A001E86D6F07}"
EndProject
Project("{9A19103F-16F7-4668-BE54-9A1E7A4F7556}") = "I2CSample", "I2CSample\I2CSample.csproj", "{1105CAB1-E371-485D-8F82-BA1D69634187}"
EndProject
Project("{9A19103F-16F7-4668-BE54-9A1E7A4F7556}") = "PiezzoSample", "PiezzoSample\PiezzoSample.csproj", "{18AD74DD-40BC-46C8-854E-B81015CDBCC8}"
EndProject
Project("{9A19103F-16F7-4668-BE54-9A1E7A4F7556}") = "MotionSensorSample", "MotionSensorSample\MotionSensorSample.csproj", "{EC1D7FCC-3592-4314-A56A-D7BEEFE63222}"
EndProject
Project("{9A19103F-16F7-4668-BE54-9A1E7A4F7556}") = "DrawingSample", "DrawingSample\DrawingSample.csproj", "{42CF9300-F056-4E38-8205-D31D138A57F2}"
EndProject
Project("{FAE04EC0-301F-11D3-BF4B-00C04F79EFBC}") = "OrangePi.Startup.Sound.Service", "OrangePi.Startup.Sound.Service\OrangePi.Startup.Sound.Service.csproj", "{6CCB72BA-BCA6-4AA7-8D61-72171839AD36}"
EndProject
Global
	GlobalSection(SolutionConfigurationPlatforms) = preSolution
		Debug|Any CPU = Debug|Any CPU
		Debug|ARM64 = Debug|ARM64
		Release|Any CPU = Release|Any CPU
		Release|ARM64 = Release|ARM64
	EndGlobalSection
	GlobalSection(ProjectConfigurationPlatforms) = postSolution
		{DC697E92-4738-481F-BC58-B401E6103262}.Debug|Any CPU.ActiveCfg = Debug|Any CPU
		{DC697E92-4738-481F-BC58-B401E6103262}.Debug|Any CPU.Build.0 = Debug|Any CPU
		{DC697E92-4738-481F-BC58-B401E6103262}.Debug|ARM64.ActiveCfg = Debug|ARM64
		{DC697E92-4738-481F-BC58-B401E6103262}.Debug|ARM64.Build.0 = Debug|ARM64
		{DC697E92-4738-481F-BC58-B401E6103262}.Release|Any CPU.ActiveCfg = Release|Any CPU
		{DC697E92-4738-481F-BC58-B401E6103262}.Release|Any CPU.Build.0 = Release|Any CPU
		{DC697E92-4738-481F-BC58-B401E6103262}.Release|ARM64.ActiveCfg = Release|ARM64
		{DC697E92-4738-481F-BC58-B401E6103262}.Release|ARM64.Build.0 = Release|ARM64
		{535D54CB-4935-4BDA-BBD3-888BB9E91682}.Debug|Any CPU.ActiveCfg = Debug|Any CPU
		{535D54CB-4935-4BDA-BBD3-888BB9E91682}.Debug|Any CPU.Build.0 = Debug|Any CPU
		{535D54CB-4935-4BDA-BBD3-888BB9E91682}.Debug|ARM64.ActiveCfg = Debug|Any CPU
		{535D54CB-4935-4BDA-BBD3-888BB9E91682}.Debug|ARM64.Build.0 = Debug|Any CPU
		{535D54CB-4935-4BDA-BBD3-888BB9E91682}.Release|Any CPU.ActiveCfg = Release|Any CPU
		{535D54CB-4935-4BDA-BBD3-888BB9E91682}.Release|Any CPU.Build.0 = Release|Any CPU
		{535D54CB-4935-4BDA-BBD3-888BB9E91682}.Release|ARM64.ActiveCfg = Release|Any CPU
		{535D54CB-4935-4BDA-BBD3-888BB9E91682}.Release|ARM64.Build.0 = Release|Any CPU
		{95989538-0505-492D-B52D-6DEA88FC4F09}.Debug|Any CPU.ActiveCfg = Debug|Any CPU
		{95989538-0505-492D-B52D-6DEA88FC4F09}.Debug|Any CPU.Build.0 = Debug|Any CPU
		{95989538-0505-492D-B52D-6DEA88FC4F09}.Debug|ARM64.ActiveCfg = Debug|Any CPU
		{95989538-0505-492D-B52D-6DEA88FC4F09}.Debug|ARM64.Build.0 = Debug|Any CPU
		{95989538-0505-492D-B52D-6DEA88FC4F09}.Release|Any CPU.ActiveCfg = Release|Any CPU
		{95989538-0505-492D-B52D-6DEA88FC4F09}.Release|Any CPU.Build.0 = Release|Any CPU
		{95989538-0505-492D-B52D-6DEA88FC4F09}.Release|ARM64.ActiveCfg = Release|Any CPU
		{95989538-0505-492D-B52D-6DEA88FC4F09}.Release|ARM64.Build.0 = Release|Any CPU
		{B3C81972-210F-4651-8549-EB5305B3F499}.Debug|Any CPU.ActiveCfg = Debug|Any CPU
		{B3C81972-210F-4651-8549-EB5305B3F499}.Debug|Any CPU.Build.0 = Debug|Any CPU
		{B3C81972-210F-4651-8549-EB5305B3F499}.Debug|ARM64.ActiveCfg = Debug|Any CPU
		{B3C81972-210F-4651-8549-EB5305B3F499}.Debug|ARM64.Build.0 = Debug|Any CPU
		{B3C81972-210F-4651-8549-EB5305B3F499}.Release|Any CPU.ActiveCfg = Release|Any CPU
		{B3C81972-210F-4651-8549-EB5305B3F499}.Release|Any CPU.Build.0 = Release|Any CPU
		{B3C81972-210F-4651-8549-EB5305B3F499}.Release|ARM64.ActiveCfg = Release|Any CPU
		{B3C81972-210F-4651-8549-EB5305B3F499}.Release|ARM64.Build.0 = Release|Any CPU
		{B201911C-57D2-42B4-947D-C9569BBE8245}.Debug|Any CPU.ActiveCfg = Debug|Any CPU
		{B201911C-57D2-42B4-947D-C9569BBE8245}.Debug|Any CPU.Build.0 = Debug|Any CPU
		{B201911C-57D2-42B4-947D-C9569BBE8245}.Debug|ARM64.ActiveCfg = Debug|ARM64
		{B201911C-57D2-42B4-947D-C9569BBE8245}.Debug|ARM64.Build.0 = Debug|ARM64
		{B201911C-57D2-42B4-947D-C9569BBE8245}.Release|Any CPU.ActiveCfg = Release|Any CPU
		{B201911C-57D2-42B4-947D-C9569BBE8245}.Release|Any CPU.Build.0 = Release|Any CPU
		{B201911C-57D2-42B4-947D-C9569BBE8245}.Release|ARM64.ActiveCfg = Release|ARM64
		{B201911C-57D2-42B4-947D-C9569BBE8245}.Release|ARM64.Build.0 = Release|ARM64
		{95F36F18-BFE7-4287-975D-A001E86D6F07}.Debug|Any CPU.ActiveCfg = Debug|Any CPU
		{95F36F18-BFE7-4287-975D-A001E86D6F07}.Debug|Any CPU.Build.0 = Debug|Any CPU
		{95F36F18-BFE7-4287-975D-A001E86D6F07}.Debug|ARM64.ActiveCfg = Debug|Any CPU
		{95F36F18-BFE7-4287-975D-A001E86D6F07}.Debug|ARM64.Build.0 = Debug|Any CPU
		{95F36F18-BFE7-4287-975D-A001E86D6F07}.Release|Any CPU.ActiveCfg = Release|Any CPU
		{95F36F18-BFE7-4287-975D-A001E86D6F07}.Release|Any CPU.Build.0 = Release|Any CPU
		{95F36F18-BFE7-4287-975D-A001E86D6F07}.Release|ARM64.ActiveCfg = Release|Any CPU
		{95F36F18-BFE7-4287-975D-A001E86D6F07}.Release|ARM64.Build.0 = Release|Any CPU
		{1105CAB1-E371-485D-8F82-BA1D69634187}.Debug|Any CPU.ActiveCfg = Debug|Any CPU
		{1105CAB1-E371-485D-8F82-BA1D69634187}.Debug|Any CPU.Build.0 = Debug|Any CPU
		{1105CAB1-E371-485D-8F82-BA1D69634187}.Debug|ARM64.ActiveCfg = Debug|Any CPU
		{1105CAB1-E371-485D-8F82-BA1D69634187}.Debug|ARM64.Build.0 = Debug|Any CPU
		{1105CAB1-E371-485D-8F82-BA1D69634187}.Release|Any CPU.ActiveCfg = Release|Any CPU
		{1105CAB1-E371-485D-8F82-BA1D69634187}.Release|Any CPU.Build.0 = Release|Any CPU
		{1105CAB1-E371-485D-8F82-BA1D69634187}.Release|ARM64.ActiveCfg = Release|Any CPU
		{1105CAB1-E371-485D-8F82-BA1D69634187}.Release|ARM64.Build.0 = Release|Any CPU
		{18AD74DD-40BC-46C8-854E-B81015CDBCC8}.Debug|Any CPU.ActiveCfg = Debug|Any CPU
		{18AD74DD-40BC-46C8-854E-B81015CDBCC8}.Debug|Any CPU.Build.0 = Debug|Any CPU
		{18AD74DD-40BC-46C8-854E-B81015CDBCC8}.Debug|ARM64.ActiveCfg = Debug|Any CPU
		{18AD74DD-40BC-46C8-854E-B81015CDBCC8}.Debug|ARM64.Build.0 = Debug|Any CPU
		{18AD74DD-40BC-46C8-854E-B81015CDBCC8}.Release|Any CPU.ActiveCfg = Release|Any CPU
		{18AD74DD-40BC-46C8-854E-B81015CDBCC8}.Release|Any CPU.Build.0 = Release|Any CPU
		{18AD74DD-40BC-46C8-854E-B81015CDBCC8}.Release|ARM64.ActiveCfg = Release|Any CPU
		{18AD74DD-40BC-46C8-854E-B81015CDBCC8}.Release|ARM64.Build.0 = Release|Any CPU
		{EC1D7FCC-3592-4314-A56A-D7BEEFE63222}.Debug|Any CPU.ActiveCfg = Debug|Any CPU
		{EC1D7FCC-3592-4314-A56A-D7BEEFE63222}.Debug|Any CPU.Build.0 = Debug|Any CPU
		{EC1D7FCC-3592-4314-A56A-D7BEEFE63222}.Debug|ARM64.ActiveCfg = Debug|Any CPU
		{EC1D7FCC-3592-4314-A56A-D7BEEFE63222}.Debug|ARM64.Build.0 = Debug|Any CPU
		{EC1D7FCC-3592-4314-A56A-D7BEEFE63222}.Release|Any CPU.ActiveCfg = Release|Any CPU
		{EC1D7FCC-3592-4314-A56A-D7BEEFE63222}.Release|Any CPU.Build.0 = Release|Any CPU
		{EC1D7FCC-3592-4314-A56A-D7BEEFE63222}.Release|ARM64.ActiveCfg = Release|Any CPU
		{EC1D7FCC-3592-4314-A56A-D7BEEFE63222}.Release|ARM64.Build.0 = Release|Any CPU
		{42CF9300-F056-4E38-8205-D31D138A57F2}.Debug|Any CPU.ActiveCfg = Debug|Any CPU
		{42CF9300-F056-4E38-8205-D31D138A57F2}.Debug|Any CPU.Build.0 = Debug|Any CPU
		{42CF9300-F056-4E38-8205-D31D138A57F2}.Debug|ARM64.ActiveCfg = Debug|Any CPU
		{42CF9300-F056-4E38-8205-D31D138A57F2}.Debug|ARM64.Build.0 = Debug|Any CPU
		{42CF9300-F056-4E38-8205-D31D138A57F2}.Release|Any CPU.ActiveCfg = Release|Any CPU
		{42CF9300-F056-4E38-8205-D31D138A57F2}.Release|Any CPU.Build.0 = Release|Any CPU
		{42CF9300-F056-4E38-8205-D31D138A57F2}.Release|ARM64.ActiveCfg = Release|Any CPU
		{42CF9300-F056-4E38-8205-D31D138A57F2}.Release|ARM64.Build.0 = Release|Any CPU
		{6CCB72BA-BCA6-4AA7-8D61-72171839AD36}.Debug|Any CPU.ActiveCfg = Debug|Any CPU
		{6CCB72BA-BCA6-4AA7-8D61-72171839AD36}.Debug|Any CPU.Build.0 = Debug|Any CPU
		{6CCB72BA-BCA6-4AA7-8D61-72171839AD36}.Debug|ARM64.ActiveCfg = Debug|Any CPU
		{6CCB72BA-BCA6-4AA7-8D61-72171839AD36}.Debug|ARM64.Build.0 = Debug|Any CPU
		{6CCB72BA-BCA6-4AA7-8D61-72171839AD36}.Release|Any CPU.ActiveCfg = Release|Any CPU
		{6CCB72BA-BCA6-4AA7-8D61-72171839AD36}.Release|Any CPU.Build.0 = Release|Any CPU
		{6CCB72BA-BCA6-4AA7-8D61-72171839AD36}.Release|ARM64.ActiveCfg = Release|Any CPU
		{6CCB72BA-BCA6-4AA7-8D61-72171839AD36}.Release|ARM64.Build.0 = Release|Any CPU
	EndGlobalSection
	GlobalSection(SolutionProperties) = preSolution
		HideSolutionNode = FALSE
	EndGlobalSection
	GlobalSection(NestedProjects) = preSolution
		{DC697E92-4738-481F-BC58-B401E6103262} = {1A86BEC0-CE90-4BF5-B348-3AFCD03675CC}
		{95989538-0505-492D-B52D-6DEA88FC4F09} = {32D5A65B-89BC-4C0E-94CA-29EBA8B7F292}
		{B3C81972-210F-4651-8549-EB5305B3F499} = {32D5A65B-89BC-4C0E-94CA-29EBA8B7F292}
		{B201911C-57D2-42B4-947D-C9569BBE8245} = {1A86BEC0-CE90-4BF5-B348-3AFCD03675CC}
		{95F36F18-BFE7-4287-975D-A001E86D6F07} = {90BE89A9-AB13-435F-97D9-315DD08C0B33}
		{1105CAB1-E371-485D-8F82-BA1D69634187} = {90BE89A9-AB13-435F-97D9-315DD08C0B33}
		{18AD74DD-40BC-46C8-854E-B81015CDBCC8} = {90BE89A9-AB13-435F-97D9-315DD08C0B33}
		{EC1D7FCC-3592-4314-A56A-D7BEEFE63222} = {90BE89A9-AB13-435F-97D9-315DD08C0B33}
		{42CF9300-F056-4E38-8205-D31D138A57F2} = {90BE89A9-AB13-435F-97D9-315DD08C0B33}
		{6CCB72BA-BCA6-4AA7-8D61-72171839AD36} = {1A86BEC0-CE90-4BF5-B348-3AFCD03675CC}
	EndGlobalSection
	GlobalSection(ExtensibilityGlobals) = postSolution
		SolutionGuid = {5262D94B-A432-4F44-8EA1-05577AF1C085}
	EndGlobalSection
EndGlobal
