
Microsoft Visual Studio Solution File, Format Version 12.00
# Visual Studio Version 17
VisualStudioVersion = 17.7.34221.43
MinimumVisualStudioVersion = 10.0.40219.1
Project("{FAE04EC0-301F-11D3-BF4B-00C04F79EFBC}") = "OrangePi.PWM", "OrangePi.PWM\OrangePi.PWM.csproj", "{9F809CE1-B5F5-4EB5-B609-D0E281131D5B}"
EndProject
Global
	GlobalSection(SolutionConfigurationPlatforms) = preSolution
		Debug|Any CPU = Debug|Any CPU
		Release|Any CPU = Release|Any CPU
	EndGlobalSection
	GlobalSection(ProjectConfigurationPlatforms) = postSolution
		{9F809CE1-B5F5-4EB5-B609-D0E281131D5B}.Debug|Any CPU.ActiveCfg = Debug|Any CPU
		{9F809CE1-B5F5-4EB5-B609-D0E281131D5B}.Debug|Any CPU.Build.0 = Debug|Any CPU
		{9F809CE1-B5F5-4EB5-B609-D0E281131D5B}.Release|Any CPU.ActiveCfg = Release|Any CPU
		{9F809CE1-B5F5-4EB5-B609-D0E281131D5B}.Release|Any CPU.Build.0 = Release|Any CPU
	EndGlobalSection
	GlobalSection(SolutionProperties) = preSolution
		HideSolutionNode = FALSE
	EndGlobalSection
	GlobalSection(ExtensibilityGlobals) = postSolution
		SolutionGuid = {5262D94B-A432-4F44-8EA1-05577AF1C085}
	EndGlobalSection
EndGlobal
